{
  "version": 1,
  "dependencies": {
    "net5.0-windows7.0": {
      "DalamudPackager": {
        "type": "Direct",
        "requested": "[2.1.8, )",
        "resolved": "2.1.8",
        "contentHash": "YqagNXs9InxmqkXzq7kLveImxnodkBEicAhydMXVp7dFjC7xb76U6zGgAax4/BWIWfZeWzr5DJyQSev31kj81A=="
      },
      "Fleck": {
        "type": "Direct",
        "requested": "[1.2.0, )",
        "resolved": "1.2.0",
        "contentHash": "bPLXn6QbLAFoviur6XbrKB0Zn6x04E8VibHXyHZeJsoC7bkUl5DVtzM5cZgDuqHkIrBqAXJyTNJwSNIc6wBJ2Q=="
      },
      "System.Reactive": {
        "type": "Direct",
        "requested": "[5.0.0, )",
        "resolved": "5.0.0",
        "contentHash": "erBZjkQHWL9jpasCE/0qKAryzVBJFxGHVBAvgRN1bzM0q2s1S4oYREEEL0Vb+1kA/6BKb5FjUZMp5VXmy+gzkQ=="
      },
      "XivCommon": {
        "type": "Direct",
        "requested": "[5.0.0, )",
        "resolved": "5.0.0",
        "contentHash": "ARpxa7jq+rhb5tLJsCQ8l1tnK+o86qiz1HHsGL3vgHxjxOmbXwuTC/bKjpEX8pWAEJQH41YIfyPxzX01Mw3d7g=="
      }
    },
    "net5.0-windows7.0/win-x64": {}
  }
}